
Microsoft Visual Studio Solution File, Format Version 12.00
# Visual Studio Version 17
VisualStudioVersion = 17.5.33424.131
MinimumVisualStudioVersion = 10.0.40219.1
Project("{FAE04EC0-301F-11D3-BF4B-00C04F79EFBC}") = "Project.WinUI", "Project.WinUI\Project.WinUI.csproj", "{49D52FAB-A968-4F69-9985-9F8EA1ADDA4E}"
EndProject
Project("{2150E333-8FDC-42A3-9474-1A3956D46DE8}") = "Solution Items", "Solution Items", "{DE262E38-DE3F-47B9-B78B-90004C7353AF}"
	ProjectSection(SolutionItems) = preProject
		Çalışma Notları.txt = Çalışma Notları.txt
	EndProjectSection
EndProject
Project("{FAE04EC0-301F-11D3-BF4B-00C04F79EFBC}") = "Project.ENTITIES", "Project.ENTITIES\Project.ENTITIES.csproj", "{7853C2F1-3D9B-4173-9055-14ADCFFDB2EC}"
EndProject
Project("{FAE04EC0-301F-11D3-BF4B-00C04F79EFBC}") = "Project.BLL", "Project.BLL\Project.BLL.csproj", "{C6407B95-3357-40C9-84C5-2D0E16DD734E}"
EndProject
Project("{FAE04EC0-301F-11D3-BF4B-00C04F79EFBC}") = "Project.DAL", "Project.DAL\Project.DAL.csproj", "{65B376B3-E5E8-4A9A-8C31-1E1A11544872}"
EndProject
Project("{FAE04EC0-301F-11D3-BF4B-00C04F79EFBC}") = "Project.MAP", "Project.MAP\Project.MAP.csproj", "{147E0C75-E222-4B7C-B43B-840AC734B1DC}"
EndProject
Global
	GlobalSection(SolutionConfigurationPlatforms) = preSolution
		Debug|Any CPU = Debug|Any CPU
		Release|Any CPU = Release|Any CPU
	EndGlobalSection
	GlobalSection(ProjectConfigurationPlatforms) = postSolution
		{49D52FAB-A968-4F69-9985-9F8EA1ADDA4E}.Debug|Any CPU.ActiveCfg = Debug|Any CPU
		{49D52FAB-A968-4F69-9985-9F8EA1ADDA4E}.Debug|Any CPU.Build.0 = Debug|Any CPU
		{49D52FAB-A968-4F69-9985-9F8EA1ADDA4E}.Release|Any CPU.ActiveCfg = Release|Any CPU
		{49D52FAB-A968-4F69-9985-9F8EA1ADDA4E}.Release|Any CPU.Build.0 = Release|Any CPU
		{7853C2F1-3D9B-4173-9055-14ADCFFDB2EC}.Debug|Any CPU.ActiveCfg = Debug|Any CPU
		{7853C2F1-3D9B-4173-9055-14ADCFFDB2EC}.Debug|Any CPU.Build.0 = Debug|Any CPU
		{7853C2F1-3D9B-4173-9055-14ADCFFDB2EC}.Release|Any CPU.ActiveCfg = Release|Any CPU
		{7853C2F1-3D9B-4173-9055-14ADCFFDB2EC}.Release|Any CPU.Build.0 = Release|Any CPU
		{C6407B95-3357-40C9-84C5-2D0E16DD734E}.Debug|Any CPU.ActiveCfg = Debug|Any CPU
		{C6407B95-3357-40C9-84C5-2D0E16DD734E}.Debug|Any CPU.Build.0 = Debug|Any CPU
		{C6407B95-3357-40C9-84C5-2D0E16DD734E}.Release|Any CPU.ActiveCfg = Release|Any CPU
		{C6407B95-3357-40C9-84C5-2D0E16DD734E}.Release|Any CPU.Build.0 = Release|Any CPU
		{65B376B3-E5E8-4A9A-8C31-1E1A11544872}.Debug|Any CPU.ActiveCfg = Debug|Any CPU
		{65B376B3-E5E8-4A9A-8C31-1E1A11544872}.Debug|Any CPU.Build.0 = Debug|Any CPU
		{65B376B3-E5E8-4A9A-8C31-1E1A11544872}.Release|Any CPU.ActiveCfg = Release|Any CPU
		{65B376B3-E5E8-4A9A-8C31-1E1A11544872}.Release|Any CPU.Build.0 = Release|Any CPU
		{147E0C75-E222-4B7C-B43B-840AC734B1DC}.Debug|Any CPU.ActiveCfg = Debug|Any CPU
		{147E0C75-E222-4B7C-B43B-840AC734B1DC}.Debug|Any CPU.Build.0 = Debug|Any CPU
		{147E0C75-E222-4B7C-B43B-840AC734B1DC}.Release|Any CPU.ActiveCfg = Release|Any CPU
		{147E0C75-E222-4B7C-B43B-840AC734B1DC}.Release|Any CPU.Build.0 = Release|Any CPU
	EndGlobalSection
	GlobalSection(SolutionProperties) = preSolution
		HideSolutionNode = FALSE
	EndGlobalSection
	GlobalSection(ExtensibilityGlobals) = postSolution
		SolutionGuid = {5A06CAB8-73E8-47C3-9641-B04CF1B52DAD}
	EndGlobalSection
EndGlobal
